lockfileVersion: '9.0'

settings:
  autoInstallPeers: true
  excludeLinksFromLockfile: false

importers:

  .:
    dependencies:
      '@automerge/automerge':
        specifier: 2.2.8
        version: 2.2.8
    devDependencies:
      '@types/node':
        specifier: ^22.13.10
        version: 22.13.10

packages:

  '@automerge/automerge@2.2.8':
    resolution: {integrity: sha512-kP6Z9lIkNeIGe/jhF8SUQAgUMwVjtXCBL0eZEgQGCoWvPNTPcg8fnQco28XkYBrfkkuqiEUAbdHhJmSp0y79ug==}

  '@types/node@22.13.10':
    resolution: {integrity: sha512-I6LPUvlRH+O6VRUqYOcMudhaIdUVWfsjnZavnsraHvpBwaEyMN29ry+0UVJhImYL16xsscu0aske3yA+uPOWfw==}

  undici-types@6.20.0:
    resolution: {integrity: sha512-Ny6QZ2Nju20vw1SRHe3d9jVu6gJ+4e3+MMpqu7pqE5HT6WsTSlce++GQmK5UXS8mzV8DSYHrQH+Xrf2jVcuKNg==}

  uuid@9.0.1:
    resolution: {integrity: sha512-b+1eJOlsR9K8HJpow9Ok3fiWOWSIcIzXodvv0rQjVoOVNpWMpxf1wZNpt4y9h10odCNrqnYp1OBzRktckBe3sA==}
    hasBin: true

snapshots:

  '@automerge/automerge@2.2.8':
    dependencies:
      uuid: 9.0.1

  '@types/node@22.13.10':
    dependencies:
      undici-types: 6.20.0

  undici-types@6.20.0: {}

  uuid@9.0.1: {}
